
Microsoft Visual Studio Solution File, Format Version 12.00
# Visual Studio 15
VisualStudioVersion = 15.0.28307.168
MinimumVisualStudioVersion = 10.0.40219.1
Project("{9092AA53-FB77-4645-B42D-1CCCA6BD08BD}") = "RESTServer", "RESTServer\RESTServer.njsproj", "{326FB979-A45E-4621-8C40-83FF4836885A}"
EndProject
Global
	GlobalSection(SolutionConfigurationPlatforms) = preSolution
		Debug|Any CPU = Debug|Any CPU
		Release|Any CPU = Release|Any CPU
	EndGlobalSection
	GlobalSection(ProjectConfigurationPlatforms) = postSolution
		{326FB979-A45E-4621-8C40-83FF4836885A}.Debug|Any CPU.ActiveCfg = Debug|Any CPU
		{326FB979-A45E-4621-8C40-83FF4836885A}.Debug|Any CPU.Build.0 = Debug|Any CPU
		{326FB979-A45E-4621-8C40-83FF4836885A}.Release|Any CPU.ActiveCfg = Release|Any CPU
		{326FB979-A45E-4621-8C40-83FF4836885A}.Release|Any CPU.Build.0 = Release|Any CPU
	EndGlobalSection
	GlobalSection(SolutionProperties) = preSolution
		HideSolutionNode = FALSE
	EndGlobalSection
	GlobalSection(ExtensibilityGlobals) = postSolution
		SolutionGuid = {DFD50AA9-619E-41C0-B003-BC65CFB10779}
	EndGlobalSection
EndGlobal
